
Microsoft Visual Studio Solution File, Format Version 12.00
# Visual Studio Version 17
VisualStudioVersion = 17.10.34928.147
MinimumVisualStudioVersion = 10.0.40219.1
Project("{FAE04EC0-301F-11D3-BF4B-00C04F79EFBC}") = "MusicPlayerv1", "MusicPlayerv1\MusicPlayerv1.csproj", "{069107E8-DB9E-4F4A-BE27-CB272248C061}"
EndProject
Global
	GlobalSection(SolutionConfigurationPlatforms) = preSolution
		Debug|Any CPU = Debug|Any CPU
		Release|Any CPU = Release|Any CPU
	EndGlobalSection
	GlobalSection(ProjectConfigurationPlatforms) = postSolution
		{069107E8-DB9E-4F4A-BE27-CB272248C061}.Debug|Any CPU.ActiveCfg = Debug|Any CPU
		{069107E8-DB9E-4F4A-BE27-CB272248C061}.Debug|Any CPU.Build.0 = Debug|Any CPU
		{069107E8-DB9E-4F4A-BE27-CB272248C061}.Release|Any CPU.ActiveCfg = Release|Any CPU
		{069107E8-DB9E-4F4A-BE27-CB272248C061}.Release|Any CPU.Build.0 = Release|Any CPU
	EndGlobalSection
	GlobalSection(SolutionProperties) = preSolution
		HideSolutionNode = FALSE
	EndGlobalSection
	GlobalSection(ExtensibilityGlobals) = postSolution
		SolutionGuid = {6041C8BE-9DE4-41D9-AFD5-EE31D1E08DD6}
	EndGlobalSection
EndGlobal
